
Microsoft Visual Studio Solution File, Format Version 12.00
# Visual Studio 15
VisualStudioVersion = 15.0.27428.2015
MinimumVisualStudioVersion = 10.0.40219.1
Project("{FAE04EC0-301F-11D3-BF4B-00C04F79EFBC}") = "Excel_Transformation", "Excel_Transformation\Excel_Transformation.csproj", "{6EB5B619-7B99-453E-8CA9-E8FBF73559D0}"
EndProject
Global
	GlobalSection(SolutionConfigurationPlatforms) = preSolution
		Debug|Any CPU = Debug|Any CPU
		Release|Any CPU = Release|Any CPU
	EndGlobalSection
	GlobalSection(ProjectConfigurationPlatforms) = postSolution
		{6EB5B619-7B99-453E-8CA9-E8FBF73559D0}.Debug|Any CPU.ActiveCfg = Debug|Any CPU
		{6EB5B619-7B99-453E-8CA9-E8FBF73559D0}.Debug|Any CPU.Build.0 = Debug|Any CPU
		{6EB5B619-7B99-453E-8CA9-E8FBF73559D0}.Release|Any CPU.ActiveCfg = Release|Any CPU
		{6EB5B619-7B99-453E-8CA9-E8FBF73559D0}.Release|Any CPU.Build.0 = Release|Any CPU
	EndGlobalSection
	GlobalSection(SolutionProperties) = preSolution
		HideSolutionNode = FALSE
	EndGlobalSection
	GlobalSection(ExtensibilityGlobals) = postSolution
		SolutionGuid = {FB89B3B3-BC70-4638-87B5-382BD9AA58B3}
	EndGlobalSection
EndGlobal
